github.com/fkhrmln/go-hello v1.0.0 h1:k7NzFu+gjCeR8TjuQ6Ya1s3re2bbeWBZPxpncYFS8bE=
github.com/fkhrmln/go-hello v1.0.0/go.mod h1:PY4Hczc/jtyE9Ti5uDJhmqlWsnB6Agchq7O57pxRLfI=
github.com/fkhrmln/go-hello v1.5.0 h1:pA9r4g59CjUrhIuzQG5uSCd6PLzxwLSZVPLkBh2G5bE=
github.com/fkhrmln/go-hello v1.5.0/go.mod h1:PY4Hczc/jtyE9Ti5uDJhmqlWsnB6Agchq7O57pxRLfI=
github.com/fkhrmln/go-hello v1.5.5 h1:kSpOtda5kmgpgEAxzIjbJvo2yOPlZR8EzgCuc4HCB+Q=
github.com/fkhrmln/go-hello v1.5.5/go.mod h1:PY4Hczc/jtyE9Ti5uDJhmqlWsnB6Agchq7O57pxRLfI=
